
Microsoft Visual Studio Solution File, Format Version 12.00
# Visual Studio Version 17
VisualStudioVersion = 17.7.34024.191
MinimumVisualStudioVersion = 10.0.40219.1
Project("{FAE04EC0-301F-11D3-BF4B-00C04F79EFBC}") = "respapi.eshop", "respapi.eshop\respapi.eshop.csproj", "{69F9A148-7A12-4798-9849-CB792CF18AC3}"
EndProject
Global
	GlobalSection(SolutionConfigurationPlatforms) = preSolution
		Debug|Any CPU = Debug|Any CPU
		Release|Any CPU = Release|Any CPU
	EndGlobalSection
	GlobalSection(ProjectConfigurationPlatforms) = postSolution
		{69F9A148-7A12-4798-9849-CB792CF18AC3}.Debug|Any CPU.ActiveCfg = Debug|Any CPU
		{69F9A148-7A12-4798-9849-CB792CF18AC3}.Debug|Any CPU.Build.0 = Debug|Any CPU
		{69F9A148-7A12-4798-9849-CB792CF18AC3}.Release|Any CPU.ActiveCfg = Release|Any CPU
		{69F9A148-7A12-4798-9849-CB792CF18AC3}.Release|Any CPU.Build.0 = Release|Any CPU
	EndGlobalSection
	GlobalSection(SolutionProperties) = preSolution
		HideSolutionNode = FALSE
	EndGlobalSection
	GlobalSection(ExtensibilityGlobals) = postSolution
		SolutionGuid = {D9DC9921-C89B-4585-98AF-D212562DA467}
	EndGlobalSection
EndGlobal
